{
  "requires": true,
  "lockfileVersion": 1,
  "dependencies": {
    "basiclightbox": {
      "version": "5.0.2",
      "resolved": "https://registry.npmjs.org/basiclightbox/-/basiclightbox-5.0.2.tgz",
      "integrity": "sha512-3UJL7GGXy3UVPmnU0aKng3TU/OCG0nHpMmUWf1J7+B98c1nUGZKQ6fZumhqvQxqSoNk1NUPU2YybQSem5X/+6A=="
    }
  }
}
